
Microsoft Visual Studio Solution File, Format Version 12.00
Project("{FAE04EC0-301F-11D3-BF4B-00C04F79EFBC}") = "PaySlip", "PaySlip\PaySlip.csproj", "{5B7D18CE-5AE4-48FC-A94F-AF8360ACE389}"
EndProject
Global
	GlobalSection(SolutionConfigurationPlatforms) = preSolution
		Debug|Any CPU = Debug|Any CPU
		Release|Any CPU = Release|Any CPU
	EndGlobalSection
	GlobalSection(ProjectConfigurationPlatforms) = postSolution
		{5B7D18CE-5AE4-48FC-A94F-AF8360ACE389}.Debug|Any CPU.ActiveCfg = Debug|Any CPU
		{5B7D18CE-5AE4-48FC-A94F-AF8360ACE389}.Debug|Any CPU.Build.0 = Debug|Any CPU
		{5B7D18CE-5AE4-48FC-A94F-AF8360ACE389}.Release|Any CPU.ActiveCfg = Release|Any CPU
		{5B7D18CE-5AE4-48FC-A94F-AF8360ACE389}.Release|Any CPU.Build.0 = Release|Any CPU
	EndGlobalSection
EndGlobal
